
Microsoft Visual Studio Solution File, Format Version 12.00
# Visual Studio 15
VisualStudioVersion = 15.0.28307.271
MinimumVisualStudioVersion = 10.0.40219.1
Project("{FAE04EC0-301F-11D3-BF4B-00C04F79EFBC}") = "Assignment_5", "Assignment_5\Assignment_5.csproj", "{BB9CDCFA-13A5-468B-97F8-60647E7C1214}"
EndProject
Project("{FAE04EC0-301F-11D3-BF4B-00C04F79EFBC}") = "MsgApp", "MsgApp\MsgApp.csproj", "{29D10452-C686-463C-AF8F-5625CEB6EEE2}"
EndProject
Global
	GlobalSection(SolutionConfigurationPlatforms) = preSolution
		Debug|Any CPU = Debug|Any CPU
		Release|Any CPU = Release|Any CPU
	EndGlobalSection
	GlobalSection(ProjectConfigurationPlatforms) = postSolution
		{BB9CDCFA-13A5-468B-97F8-60647E7C1214}.Debug|Any CPU.ActiveCfg = Debug|Any CPU
		{BB9CDCFA-13A5-468B-97F8-60647E7C1214}.Debug|Any CPU.Build.0 = Debug|Any CPU
		{BB9CDCFA-13A5-468B-97F8-60647E7C1214}.Release|Any CPU.ActiveCfg = Release|Any CPU
		{BB9CDCFA-13A5-468B-97F8-60647E7C1214}.Release|Any CPU.Build.0 = Release|Any CPU
		{29D10452-C686-463C-AF8F-5625CEB6EEE2}.Debug|Any CPU.ActiveCfg = Debug|Any CPU
		{29D10452-C686-463C-AF8F-5625CEB6EEE2}.Debug|Any CPU.Build.0 = Debug|Any CPU
		{29D10452-C686-463C-AF8F-5625CEB6EEE2}.Release|Any CPU.ActiveCfg = Release|Any CPU
		{29D10452-C686-463C-AF8F-5625CEB6EEE2}.Release|Any CPU.Build.0 = Release|Any CPU
	EndGlobalSection
	GlobalSection(SolutionProperties) = preSolution
		HideSolutionNode = FALSE
	EndGlobalSection
	GlobalSection(ExtensibilityGlobals) = postSolution
		SolutionGuid = {5CD5F7A0-F8B3-4742-B0BC-9AFFD4488940}
	EndGlobalSection
EndGlobal
